
Microsoft Visual Studio Solution File, Format Version 12.00
# Visual Studio Version 16
VisualStudioVersion = 16.0.29102.190
MinimumVisualStudioVersion = 10.0.40219.1
Project("{A07B5EB6-E848-4116-A8D0-A826331D98C6}") = "ECommerce", "ECommerce\ECommerce.sfproj", "{A43C52A8-991F-4B2C-B9B0-36C2A5A60245}"
EndProject
Project("{9A19103F-16F7-4668-BE54-9A1E7A4F7556}") = "ECommerce.ProductCatalog", "ECommerce.ProductCatalog\ECommerce.ProductCatalog.csproj", "{D7D1FAC4-FC76-4008-9F7B-4636C2F0CE91}"
EndProject
Project("{9A19103F-16F7-4668-BE54-9A1E7A4F7556}") = "ECommerce.ProductCatalog.Model", "ECommerce.ProductCatalog.Model\ECommerce.ProductCatalog.Model.csproj", "{E0675BA0-BF02-4CCA-9C1B-DD45A0444011}"
EndProject
Project("{9A19103F-16F7-4668-BE54-9A1E7A4F7556}") = "ECommerce.API", "ECommerce.API\ECommerce.API.csproj", "{A18188E6-3239-4BF2-B7AF-795FFFDA50F6}"
EndProject
Project("{FAE04EC0-301F-11D3-BF4B-00C04F79EFBC}") = "UserActor", "UserActor\UserActor.csproj", "{413638AB-08FB-4471-815C-6F42F4D57379}"
EndProject
Project("{FAE04EC0-301F-11D3-BF4B-00C04F79EFBC}") = "UserActor.Interfaces", "UserActor.Interfaces\UserActor.Interfaces.csproj", "{2DC80432-1758-4828-8640-B5A4F8F31DBA}"
EndProject
Global
	GlobalSection(SolutionConfigurationPlatforms) = preSolution
		Debug|Any CPU = Debug|Any CPU
		Debug|x64 = Debug|x64
		Release|Any CPU = Release|Any CPU
		Release|x64 = Release|x64
	EndGlobalSection
	GlobalSection(ProjectConfigurationPlatforms) = postSolution
		{A43C52A8-991F-4B2C-B9B0-36C2A5A60245}.Debug|Any CPU.ActiveCfg = Debug|x64
		{A43C52A8-991F-4B2C-B9B0-36C2A5A60245}.Debug|x64.ActiveCfg = Debug|x64
		{A43C52A8-991F-4B2C-B9B0-36C2A5A60245}.Debug|x64.Build.0 = Debug|x64
		{A43C52A8-991F-4B2C-B9B0-36C2A5A60245}.Debug|x64.Deploy.0 = Debug|x64
		{A43C52A8-991F-4B2C-B9B0-36C2A5A60245}.Release|Any CPU.ActiveCfg = Release|x64
		{A43C52A8-991F-4B2C-B9B0-36C2A5A60245}.Release|x64.ActiveCfg = Release|x64
		{A43C52A8-991F-4B2C-B9B0-36C2A5A60245}.Release|x64.Build.0 = Release|x64
		{A43C52A8-991F-4B2C-B9B0-36C2A5A60245}.Release|x64.Deploy.0 = Release|x64
		{D7D1FAC4-FC76-4008-9F7B-4636C2F0CE91}.Debug|Any CPU.ActiveCfg = Debug|Any CPU
		{D7D1FAC4-FC76-4008-9F7B-4636C2F0CE91}.Debug|Any CPU.Build.0 = Debug|Any CPU
		{D7D1FAC4-FC76-4008-9F7B-4636C2F0CE91}.Debug|x64.ActiveCfg = Debug|Any CPU
		{D7D1FAC4-FC76-4008-9F7B-4636C2F0CE91}.Debug|x64.Build.0 = Debug|Any CPU
		{D7D1FAC4-FC76-4008-9F7B-4636C2F0CE91}.Release|Any CPU.ActiveCfg = Release|Any CPU
		{D7D1FAC4-FC76-4008-9F7B-4636C2F0CE91}.Release|Any CPU.Build.0 = Release|Any CPU
		{D7D1FAC4-FC76-4008-9F7B-4636C2F0CE91}.Release|x64.ActiveCfg = Release|Any CPU
		{D7D1FAC4-FC76-4008-9F7B-4636C2F0CE91}.Release|x64.Build.0 = Release|Any CPU
		{E0675BA0-BF02-4CCA-9C1B-DD45A0444011}.Debug|Any CPU.ActiveCfg = Debug|Any CPU
		{E0675BA0-BF02-4CCA-9C1B-DD45A0444011}.Debug|Any CPU.Build.0 = Debug|Any CPU
		{E0675BA0-BF02-4CCA-9C1B-DD45A0444011}.Debug|x64.ActiveCfg = Debug|Any CPU
		{E0675BA0-BF02-4CCA-9C1B-DD45A0444011}.Debug|x64.Build.0 = Debug|Any CPU
		{E0675BA0-BF02-4CCA-9C1B-DD45A0444011}.Release|Any CPU.ActiveCfg = Release|Any CPU
		{E0675BA0-BF02-4CCA-9C1B-DD45A0444011}.Release|Any CPU.Build.0 = Release|Any CPU
		{E0675BA0-BF02-4CCA-9C1B-DD45A0444011}.Release|x64.ActiveCfg = Release|Any CPU
		{E0675BA0-BF02-4CCA-9C1B-DD45A0444011}.Release|x64.Build.0 = Release|Any CPU
		{A18188E6-3239-4BF2-B7AF-795FFFDA50F6}.Debug|Any CPU.ActiveCfg = Debug|Any CPU
		{A18188E6-3239-4BF2-B7AF-795FFFDA50F6}.Debug|Any CPU.Build.0 = Debug|Any CPU
		{A18188E6-3239-4BF2-B7AF-795FFFDA50F6}.Debug|x64.ActiveCfg = Debug|Any CPU
		{A18188E6-3239-4BF2-B7AF-795FFFDA50F6}.Debug|x64.Build.0 = Debug|Any CPU
		{A18188E6-3239-4BF2-B7AF-795FFFDA50F6}.Release|Any CPU.ActiveCfg = Release|Any CPU
		{A18188E6-3239-4BF2-B7AF-795FFFDA50F6}.Release|Any CPU.Build.0 = Release|Any CPU
		{A18188E6-3239-4BF2-B7AF-795FFFDA50F6}.Release|x64.ActiveCfg = Release|Any CPU
		{A18188E6-3239-4BF2-B7AF-795FFFDA50F6}.Release|x64.Build.0 = Release|Any CPU
		{413638AB-08FB-4471-815C-6F42F4D57379}.Debug|Any CPU.ActiveCfg = Debug|Any CPU
		{413638AB-08FB-4471-815C-6F42F4D57379}.Debug|Any CPU.Build.0 = Debug|Any CPU
		{413638AB-08FB-4471-815C-6F42F4D57379}.Debug|x64.ActiveCfg = Debug|Any CPU
		{413638AB-08FB-4471-815C-6F42F4D57379}.Debug|x64.Build.0 = Debug|Any CPU
		{413638AB-08FB-4471-815C-6F42F4D57379}.Release|Any CPU.ActiveCfg = Release|Any CPU
		{413638AB-08FB-4471-815C-6F42F4D57379}.Release|Any CPU.Build.0 = Release|Any CPU
		{413638AB-08FB-4471-815C-6F42F4D57379}.Release|x64.ActiveCfg = Release|Any CPU
		{413638AB-08FB-4471-815C-6F42F4D57379}.Release|x64.Build.0 = Release|Any CPU
		{2DC80432-1758-4828-8640-B5A4F8F31DBA}.Debug|Any CPU.ActiveCfg = Debug|Any CPU
		{2DC80432-1758-4828-8640-B5A4F8F31DBA}.Debug|Any CPU.Build.0 = Debug|Any CPU
		{2DC80432-1758-4828-8640-B5A4F8F31DBA}.Debug|x64.ActiveCfg = Debug|Any CPU
		{2DC80432-1758-4828-8640-B5A4F8F31DBA}.Debug|x64.Build.0 = Debug|Any CPU
		{2DC80432-1758-4828-8640-B5A4F8F31DBA}.Release|Any CPU.ActiveCfg = Release|Any CPU
		{2DC80432-1758-4828-8640-B5A4F8F31DBA}.Release|Any CPU.Build.0 = Release|Any CPU
		{2DC80432-1758-4828-8640-B5A4F8F31DBA}.Release|x64.ActiveCfg = Release|Any CPU
		{2DC80432-1758-4828-8640-B5A4F8F31DBA}.Release|x64.Build.0 = Release|Any CPU
	EndGlobalSection
	GlobalSection(SolutionProperties) = preSolution
		HideSolutionNode = FALSE
	EndGlobalSection
	GlobalSection(ExtensibilityGlobals) = postSolution
		SolutionGuid = {48E03A3D-5749-47A8-A996-2D8197ADC8A7}
	EndGlobalSection
EndGlobal
